// !$*UTF8*$!
{
	archiveVersion = 1;
	classes = {
	};
	objectVersion = 46;
	objects = {

/* Begin PBXBuildFile section */
		A914C1CC1C4AF50300738ACA /* AppDelegate.swift in Sources */ = {isa = PBXBuildFile; fileRef = A914C1CB1C4AF50300738ACA /* AppDelegate.swift */; };
		A914C1D11C4AF50300738ACA /* Main.storyboard in Resources */ = {isa = PBXBuildFile; fileRef = A914C1CF1C4AF50300738ACA /* Main.storyboard */; };
		A914C1D31C4AF50300738ACA /* Assets.xcassets in Resources */ = {isa = PBXBuildFile; fileRef = A914C1D21C4AF50300738ACA /* Assets.xcassets */; };
		A914C1D61C4AF50300738ACA /* LaunchScreen.storyboard in Resources */ = {isa = PBXBuildFile; fileRef = A914C1D41C4AF50300738ACA /* LaunchScreen.storyboard */; };
		A914C1E21C4AF78600738ACA /* HaveIBeenPwnedClient.swift in Sources */ = {isa = PBXBuildFile; fileRef = A914C1E11C4AF78600738ACA /* HaveIBeenPwnedClient.swift */; };
		A914C1E41C4AF9A200738ACA /* CoreDataStackManager.swift in Sources */ = {isa = PBXBuildFile; fileRef = A914C1E31C4AF9A200738ACA /* CoreDataStackManager.swift */; };
		A914C1EE1C4B0DB400738ACA /* Breach+CoreDataProperties.swift in Sources */ = {isa = PBXBuildFile; fileRef = A914C1EC1C4B0DB400738ACA /* Breach+CoreDataProperties.swift */; };
		A914C1EF1C4B0DB400738ACA /* Breach.swift in Sources */ = {isa = PBXBuildFile; fileRef = A914C1ED1C4B0DB400738ACA /* Breach.swift */; };
		A914C1F11C4DB2BC00738ACA /* HttpClient.swift in Sources */ = {isa = PBXBuildFile; fileRef = A914C1F01C4DB2BC00738ACA /* HttpClient.swift */; };
		A94DEEDE1C68C3C000DBDE87 /* BreachViewController.swift in Sources */ = {isa = PBXBuildFile; fileRef = A94DEEDD1C68C3C000DBDE87 /* BreachViewController.swift */; };
		A9C3A94F1C6437A800C85570 /* ClearbitClient.swift in Sources */ = {isa = PBXBuildFile; fileRef = A9C3A94E1C6437A800C85570 /* ClearbitClient.swift */; };
		A9C3A9511C64502200C85570 /* ImageCache.swift in Sources */ = {isa = PBXBuildFile; fileRef = A9C3A9501C64502200C85570 /* ImageCache.swift */; };
		A9EA73881C5EFFF50011F244 /* BreachCell.swift in Sources */ = {isa = PBXBuildFile; fileRef = A9EA73871C5EFFF50011F244 /* BreachCell.swift */; };
		A9EF6D991C521F89002417F7 /* Model.xcdatamodeld in Sources */ = {isa = PBXBuildFile; fileRef = A9EF6D971C521F89002417F7 /* Model.xcdatamodeld */; };
		A9F327F81C5B3D4900BAB1AB /* BreachTableViewController.swift in Sources */ = {isa = PBXBuildFile; fileRef = A9F327F71C5B3D4900BAB1AB /* BreachTableViewController.swift */; };
/* End PBXBuildFile section */

/* Begin PBXFileReference section */
		A914C1C81C4AF50300738ACA /* PwnageChecker.app */ = {isa = PBXFileReference; explicitFileType = wrapper.application; includeInIndex = 0; path = PwnageChecker.app; sourceTree = BUILT_PRODUCTS_DIR; };
		A914C1CB1C4AF50300738ACA /* AppDelegate.swift */ = {isa = PBXFileReference; lastKnownFileType = sourcecode.swift; path = AppDelegate.swift; sourceTree = "<group>"; };
		A914C1D01C4AF50300738ACA /* Base */ = {isa = PBXFileReference; lastKnownFileType = file.storyboard; name = Base; path = Base.lproj/Main.storyboard; sourceTree = "<group>"; };
		A914C1D21C4AF50300738ACA /* Assets.xcassets */ = {isa = PBXFileReference; lastKnownFileType = folder.assetcatalog; path = Assets.xcassets; sourceTree = "<group>"; };
		A914C1D51C4AF50300738ACA /* Base */ = {isa = PBXFileReference; lastKnownFileType = file.storyboard; name = Base; path = Base.lproj/LaunchScreen.storyboard; sourceTree = "<group>"; };
		A914C1D71C4AF50300738ACA /* Info.plist */ = {isa = PBXFileReference; lastKnownFileType = text.plist.xml; path = Info.plist; sourceTree = "<group>"; };
		A914C1E11C4AF78600738ACA /* HaveIBeenPwnedClient.swift */ = {isa = PBXFileReference; fileEncoding = 4; lastKnownFileType = sourcecode.swift; path = HaveIBeenPwnedClient.swift; sourceTree = "<group>"; };
		A914C1E31C4AF9A200738ACA /* CoreDataStackManager.swift */ = {isa = PBXFileReference; fileEncoding = 4; lastKnownFileType = sourcecode.swift; path = CoreDataStackManager.swift; sourceTree = "<group>"; };
		A914C1EC1C4B0DB400738ACA /* Breach+CoreDataProperties.swift */ = {isa = PBXFileReference; fileEncoding = 4; lastKnownFileType = sourcecode.swift; path = "Breach+CoreDataProperties.swift"; sourceTree = "<group>"; };
		A914C1ED1C4B0DB400738ACA /* Breach.swift */ = {isa = PBXFileReference; fileEncoding = 4; lastKnownFileType = sourcecode.swift; path = Breach.swift; sourceTree = "<group>"; };
		A914C1F01C4DB2BC00738ACA /* HttpClient.swift */ = {isa = PBXFileReference; fileEncoding = 4; lastKnownFileType = sourcecode.swift; path = HttpClient.swift; sourceTree = "<group>"; };
		A94DEEDD1C68C3C000DBDE87 /* BreachViewController.swift */ = {isa = PBXFileReference; fileEncoding = 4; lastKnownFileType = sourcecode.swift; path = BreachViewController.swift; sourceTree = "<group>"; };
		A9C3A94E1C6437A800C85570 /* ClearbitClient.swift */ = {isa = PBXFileReference; fileEncoding = 4; lastKnownFileType = sourcecode.swift; path = ClearbitClient.swift; sourceTree = "<group>"; };
		A9C3A9501C64502200C85570 /* ImageCache.swift */ = {isa = PBXFileReference; fileEncoding = 4; lastKnownFileType = sourcecode.swift; path = ImageCache.swift; sourceTree = "<group>"; };
		A9EA73871C5EFFF50011F244 /* BreachCell.swift */ = {isa = PBXFileReference; fileEncoding = 4; lastKnownFileType = sourcecode.swift; path = BreachCell.swift; sourceTree = "<group>"; };
		A9EF6D981C521F89002417F7 /* Model.xcdatamodel */ = {isa = PBXFileReference; lastKnownFileType = wrapper.xcdatamodel; path = Model.xcdatamodel; sourceTree = "<group>"; };
		A9F327F71C5B3D4900BAB1AB /* BreachTableViewController.swift */ = {isa = PBXFileReference; fileEncoding = 4; lastKnownFileType = sourcecode.swift; path = BreachTableViewController.swift; sourceTree = "<group>"; };
/* End PBXFileReference section */

/* Begin PBXFrameworksBuildPhase section */
		A914C1C51C4AF50300738ACA /* Frameworks */ = {
			isa = PBXFrameworksBuildPhase;
			buildActionMask = 2147483647;
			files = (
			);
			runOnlyForDeploymentPostprocessing = 0;
		};
/* End PBXFrameworksBuildPhase section */

/* Begin PBXGroup section */
		A914C1BF1C4AF50300738ACA = {
			isa = PBXGroup;
			children = (
				A914C1CA1C4AF50300738ACA /* PwnageChecker */,
				A914C1C91C4AF50300738ACA /* Products */,
			);
			sourceTree = "<group>";
		};
		A914C1C91C4AF50300738ACA /* Products */ = {
			isa = PBXGroup;
			children = (
				A914C1C81C4AF50300738ACA /* PwnageChecker.app */,
			);
			name = Products;
			sourceTree = "<group>";
		};
		A914C1CA1C4AF50300738ACA /* PwnageChecker */ = {
			isa = PBXGroup;
			children = (
				A914C1DF1C4AF75E00738ACA /* View */,
				A914C1DE1C4AF75000738ACA /* Controller */,
				A914C1DD1C4AF74700738ACA /* Model */,
				A914C1CB1C4AF50300738ACA /* AppDelegate.swift */,
				A914C1D21C4AF50300738ACA /* Assets.xcassets */,
				A914C1D71C4AF50300738ACA /* Info.plist */,
			);
			path = PwnageChecker;
			sourceTree = "<group>";
		};
		A914C1DD1C4AF74700738ACA /* Model */ = {
			isa = PBXGroup;
			children = (
				A9C3A94D1C64379C00C85570 /* Clearbit */,
				A914C1E01C4AF76500738ACA /* HaveIBeenPwned */,
				A914C1E31C4AF9A200738ACA /* CoreDataStackManager.swift */,
				A914C1EC1C4B0DB400738ACA /* Breach+CoreDataProperties.swift */,
				A9EF6D971C521F89002417F7 /* Model.xcdatamodeld */,
				A914C1ED1C4B0DB400738ACA /* Breach.swift */,
				A914C1F01C4DB2BC00738ACA /* HttpClient.swift */,
				A9C3A9501C64502200C85570 /* ImageCache.swift */,
			);
			name = Model;
			sourceTree = "<group>";
		};
		A914C1DE1C4AF75000738ACA /* Controller */ = {
			isa = PBXGroup;
			children = (
				A9F327F71C5B3D4900BAB1AB /* BreachTableViewController.swift */,
				A94DEEDD1C68C3C000DBDE87 /* BreachViewController.swift */,
			);
			name = Controller;
			sourceTree = "<group>";
		};
		A914C1DF1C4AF75E00738ACA /* View */ = {
			isa = PBXGroup;
			children = (
				A914C1CF1C4AF50300738ACA /* Main.storyboard */,
				A914C1D41C4AF50300738ACA /* LaunchScreen.storyboard */,
				A9EA73871C5EFFF50011F244 /* BreachCell.swift */,
			);
			name = View;
			sourceTree = "<group>";
		};
		A914C1E01C4AF76500738ACA /* HaveIBeenPwned */ = {
			isa = PBXGroup;
			children = (
				A914C1E11C4AF78600738ACA /* HaveIBeenPwnedClient.swift */,
			);
			name = HaveIBeenPwned;
			sourceTree = "<group>";
		};
		A9C3A94D1C64379C00C85570 /* Clearbit */ = {
			isa = PBXGroup;
			children = (
				A9C3A94E1C6437A800C85570 /* ClearbitClient.swift */,
			);
			name = Clearbit;
			sourceTree = "<group>";
		};
/* End PBXGroup section */

/* Begin PBXNativeTarget section */
		A914C1C71C4AF50300738ACA /* PwnageChecker */ = {
			isa = PBXNativeTarget;
			buildConfigurationList = A914C1DA1C4AF50300738ACA /* Build configuration list for PBXNativeTarget "PwnageChecker" */;
			buildPhases = (
				A914C1C41C4AF50300738ACA /* Sources */,
				A914C1C51C4AF50300738ACA /* Frameworks */,
				A914C1C61C4AF50300738ACA /* Resources */,
			);
			buildRules = (
			);
			dependencies = (
			);
			name = PwnageChecker;
			productName = PwnageChecker;
			productReference = A914C1C81C4AF50300738ACA /* PwnageChecker.app */;
			productType = "com.apple.product-type.application";
		};
/* End PBXNativeTarget section */

/* Begin PBXProject section */
		A914C1C01C4AF50300738ACA /* Project object */ = {
			isa = PBXProject;
			attributes = {
				LastSwiftUpdateCheck = 0720;
				LastUpgradeCheck = 0720;
				ORGANIZATIONNAME = "Vince Chan";
				TargetAttributes = {
					A914C1C71C4AF50300738ACA = {
						CreatedOnToolsVersion = 7.2;
						DevelopmentTeam = EKE7VUCX4W;
					};
				};
			};
			buildConfigurationList = A914C1C31C4AF50300738ACA /* Build configuration list for PBXProject "PwnageChecker" */;
			compatibilityVersion = "Xcode 3.2";
			developmentRegion = English;
			hasScannedForEncodings = 0;
			knownRegions = (
				en,
				Base,
			);
			mainGroup = A914C1BF1C4AF50300738ACA;
			productRefGroup = A914C1C91C4AF50300738ACA /* Products */;
			projectDirPath = "";
			projectRoot = "";
			targets = (
				A914C1C71C4AF50300738ACA /* PwnageChecker */,
			);
		};
/* End PBXProject section */

/* Begin PBXResourcesBuildPhase section */
		A914C1C61C4AF50300738ACA /* Resources */ = {
			isa = PBXResourcesBuildPhase;
			buildActionMask = 2147483647;
			files = (
				A914C1D61C4AF50300738ACA /* LaunchScreen.storyboard in Resources */,
				A914C1D31C4AF50300738ACA /* Assets.xcassets in Resources */,
				A914C1D11C4AF50300738ACA /* Main.storyboard in Resources */,
			);
			runOnlyForDeploymentPostprocessing = 0;
		};
/* End PBXResourcesBuildPhase section */

/* Begin PBXSourcesBuildPhase section */
		A914C1C41C4AF50300738ACA /* Sources */ = {
			isa = PBXSourcesBuildPhase;
			buildActionMask = 2147483647;
			files = (
				A9C3A9511C64502200C85570 /* ImageCache.swift in Sources */,
				A914C1EE1C4B0DB400738ACA /* Breach+CoreDataProperties.swift in Sources */,
				A914C1F11C4DB2BC00738ACA /* HttpClient.swift in Sources */,
				A9C3A94F1C6437A800C85570 /* ClearbitClient.swift in Sources */,
				A9EA73881C5EFFF50011F244 /* BreachCell.swift in Sources */,
				A9EF6D991C521F89002417F7 /* Model.xcdatamodeld in Sources */,
				A914C1EF1C4B0DB400738ACA /* Breach.swift in Sources */,
				A914C1E41C4AF9A200738ACA /* CoreDataStackManager.swift in Sources */,
				A914C1E21C4AF78600738ACA /* HaveIBeenPwnedClient.swift in Sources */,
				A94DEEDE1C68C3C000DBDE87 /* BreachViewController.swift in Sources */,
				A9F327F81C5B3D4900BAB1AB /* BreachTableViewController.swift in Sources */,
				A914C1CC1C4AF50300738ACA /* AppDelegate.swift in Sources */,
			);
			runOnlyForDeploymentPostprocessing = 0;
		};
/* End PBXSourcesBuildPhase section */

/* Begin PBXVariantGroup section */
		A914C1CF1C4AF50300738ACA /* Main.storyboard */ = {
			isa = PBXVariantGroup;
			children = (
				A914C1D01C4AF50300738ACA /* Base */,
			);
			name = Main.storyboard;
			sourceTree = "<group>";
		};
		A914C1D41C4AF50300738ACA /* LaunchScreen.storyboard */ = {
			isa = PBXVariantGroup;
			children = (
				A914C1D51C4AF50300738ACA /* Base */,
			);
			name = LaunchScreen.storyboard;
			sourceTree = "<group>";
		};
/* End PBXVariantGroup section */

/* Begin XCBuildConfiguration section */
		A914C1D81C4AF50300738ACA /* Debug */ = {
			isa = XCBuildConfiguration;
			buildSettings = {
				ALWAYS_SEARCH_USER_PATHS = NO;
				CLANG_CXX_LANGUAGE_STANDARD = "gnu++0x";
				CLANG_CXX_LIBRARY = "libc++";
				CLANG_ENABLE_MODULES = YES;
				CLANG_ENABLE_OBJC_ARC = YES;
				CLANG_WARN_BOOL_CONVERSION = YES;
				CLANG_WARN_CONSTANT_CONVERSION = YES;
				CLANG_WARN_DIRECT_OBJC_ISA_USAGE = YES_ERROR;
				CLANG_WARN_EMPTY_BODY = YES;
				CLANG_WARN_ENUM_CONVERSION = YES;
				CLANG_WARN_INT_CONVERSION = YES;
				CLANG_WARN_OBJC_ROOT_CLASS = YES_ERROR;
				CLANG_WARN_UNREACHABLE_CODE = YES;
				CLANG_WARN__DUPLICATE_METHOD_MATCH = YES;
				"CODE_SIGN_IDENTITY[sdk=iphoneos*]" = "iPhone Developer";
				COPY_PHASE_STRIP = NO;
				DEBUG_INFORMATION_FORMAT = dwarf;
				ENABLE_STRICT_OBJC_MSGSEND = YES;
				ENABLE_TESTABILITY = YES;
				GCC_C_LANGUAGE_STANDARD = gnu99;
				GCC_DYNAMIC_NO_PIC = NO;
				GCC_NO_COMMON_BLOCKS = YES;
				GCC_OPTIMIZATION_LEVEL = 0;
				GCC_PREPROCESSOR_DEFINITIONS = (
					"DEBUG=1",
					"$(inherited)",
				);
				GCC_WARN_64_TO_32_BIT_CONVERSION = YES;
				GCC_WARN_ABOUT_RETURN_TYPE = YES_ERROR;
				GCC_WARN_UNDECLARED_SELECTOR = YES;
				GCC_WARN_UNINITIALIZED_AUTOS = YES_AGGRESSIVE;
				GCC_WARN_UNUSED_FUNCTION = YES;
				GCC_WARN_UNUSED_VARIABLE = YES;
				IPHONEOS_DEPLOYMENT_TARGET = 9.2;
				MTL_ENABLE_DEBUG_INFO = YES;
				ONLY_ACTIVE_ARCH = YES;
				SDKROOT = iphoneos;
				SWIFT_OPTIMIZATION_LEVEL = "-Onone";
				TARGETED_DEVICE_FAMILY = "1,2";
			};
			name = Debug;
		};
		A914C1D91C4AF50300738ACA /* Release */ = {
			isa = XCBuildConfiguration;
			buildSettings = {
				ALWAYS_SEARCH_USER_PATHS = NO;
				CLANG_CXX_LANGUAGE_STANDARD = "gnu++0x";
				CLANG_CXX_LIBRARY = "libc++";
				CLANG_ENABLE_MODULES = YES;
				CLANG_ENABLE_OBJC_ARC = YES;
				CLANG_WARN_BOOL_CONVERSION = YES;
				CLANG_WARN_CONSTANT_CONVERSION = YES;
				CLANG_WARN_DIRECT_OBJC_ISA_USAGE = YES_ERROR;
				CLANG_WARN_EMPTY_BODY = YES;
				CLANG_WARN_ENUM_CONVERSION = YES;
				CLANG_WARN_INT_CONVERSION = YES;
				CLANG_WARN_OBJC_ROOT_CLASS = YES_ERROR;
				CLANG_WARN_UNREACHABLE_CODE = YES;
				CLANG_WARN__DUPLICATE_METHOD_MATCH = YES;
				"CODE_SIGN_IDENTITY[sdk=iphoneos*]" = "iPhone Developer";
				COPY_PHASE_STRIP = NO;
				DEBUG_INFORMATION_FORMAT = "dwarf-with-dsym";
				ENABLE_NS_ASSERTIONS = NO;
				ENABLE_STRICT_OBJC_MSGSEND = YES;
				GCC_C_LANGUAGE_STANDARD = gnu99;
				GCC_NO_COMMON_BLOCKS = YES;
				GCC_WARN_64_TO_32_BIT_CONVERSION = YES;
				GCC_WARN_ABOUT_RETURN_TYPE = YES_ERROR;
				GCC_WARN_UNDECLARED_SELECTOR = YES;
				GCC_WARN_UNINITIALIZED_AUTOS = YES_AGGRESSIVE;
				GCC_WARN_UNUSED_FUNCTION = YES;
				GCC_WARN_UNUSED_VARIABLE = YES;
				IPHONEOS_DEPLOYMENT_TARGET = 9.2;
				MTL_ENABLE_DEBUG_INFO = NO;
				SDKROOT = iphoneos;
				TARGETED_DEVICE_FAMILY = "1,2";
				VALIDATE_PRODUCT = YES;
			};
			name = Release;
		};
		A914C1DB1C4AF50300738ACA /* Debug */ = {
			isa = XCBuildConfiguration;
			buildSettings = {
				ASSETCATALOG_COMPILER_APPICON_NAME = AppIcon;
				CODE_SIGN_IDENTITY = "iPhone Developer";
				"CODE_SIGN_IDENTITY[sdk=iphoneos*]" = "iPhone Developer";
				INFOPLIST_FILE = PwnageChecker/Info.plist;
				LD_RUNPATH_SEARCH_PATHS = "$(inherited) @executable_path/Frameworks";
				PRODUCT_BUNDLE_IDENTIFIER = me.vincechan.PwnageChecker;
				PRODUCT_NAME = "$(TARGET_NAME)";
				PROVISIONING_PROFILE = "";
			};
			name = Debug;
		};
		A914C1DC1C4AF50300738ACA /* Release */ = {
			isa = XCBuildConfiguration;
			buildSettings = {
				ASSETCATALOG_COMPILER_APPICON_NAME = AppIcon;
				CODE_SIGN_IDENTITY = "iPhone Developer";
				"CODE_SIGN_IDENTITY[sdk=iphoneos*]" = "iPhone Developer";
				INFOPLIST_FILE = PwnageChecker/Info.plist;
				LD_RUNPATH_SEARCH_PATHS = "$(inherited) @executable_path/Frameworks";
				PRODUCT_BUNDLE_IDENTIFIER = me.vincechan.PwnageChecker;
				PRODUCT_NAME = "$(TARGET_NAME)";
				PROVISIONING_PROFILE = "";
			};
			name = Release;
		};
/* End XCBuildConfiguration section */

/* Begin XCConfigurationList section */
		A914C1C31C4AF50300738ACA /* Build configuration list for PBXProject "PwnageChecker" */ = {
			isa = XCConfigurationList;
			buildConfigurations = (
				A914C1D81C4AF50300738ACA /* Debug */,
				A914C1D91C4AF50300738ACA /* Release */,
			);
			defaultConfigurationIsVisible = 0;
			defaultConfigurationName = Release;
		};
		A914C1DA1C4AF50300738ACA /* Build configuration list for PBXNativeTarget "PwnageChecker" */ = {
			isa = XCConfigurationList;
			buildConfigurations = (
				A914C1DB1C4AF50300738ACA /* Debug */,
				A914C1DC1C4AF50300738ACA /* Release */,
			);
			defaultConfigurationIsVisible = 0;
			defaultConfigurationName = Release;
		};
/* End XCConfigurationList section */

/* Begin XCVersionGroup section */
		A9EF6D971C521F89002417F7 /* Model.xcdatamodeld */ = {
			isa = XCVersionGroup;
			children = (
				A9EF6D981C521F89002417F7 /* Model.xcdatamodel */,
			);
			currentVersion = A9EF6D981C521F89002417F7 /* Model.xcdatamodel */;
			path = Model.xcdatamodeld;
			sourceTree = "<group>";
			versionGroupType = wrapper.xcdatamodel;
		};
/* End XCVersionGroup section */
	};
	rootObject = A914C1C01C4AF50300738ACA /* Project object */;
}
